
Microsoft Visual Studio Solution File, Format Version 12.00
# Visual Studio Version 16
VisualStudioVersion = 16.0.30621.155
MinimumVisualStudioVersion = 10.0.40219.1
Project("{FAE04EC0-301F-11D3-BF4B-00C04F79EFBC}") = "MATS.WF", "MATS.WF\MATS.WF.csproj", "{4576F024-CCD1-4FB4-AEBC-D2B29C80E606}"
EndProject
Global
	GlobalSection(SolutionConfigurationPlatforms) = preSolution
		Debug|Any CPU = Debug|Any CPU
		Release|Any CPU = Release|Any CPU
	EndGlobalSection
	GlobalSection(ProjectConfigurationPlatforms) = postSolution
		{4576F024-CCD1-4FB4-AEBC-D2B29C80E606}.Debug|Any CPU.ActiveCfg = Debug|Any CPU
		{4576F024-CCD1-4FB4-AEBC-D2B29C80E606}.Debug|Any CPU.Build.0 = Debug|Any CPU
		{4576F024-CCD1-4FB4-AEBC-D2B29C80E606}.Release|Any CPU.ActiveCfg = Release|Any CPU
		{4576F024-CCD1-4FB4-AEBC-D2B29C80E606}.Release|Any CPU.Build.0 = Release|Any CPU
	EndGlobalSection
	GlobalSection(SolutionProperties) = preSolution
		HideSolutionNode = FALSE
	EndGlobalSection
	GlobalSection(ExtensibilityGlobals) = postSolution
		SolutionGuid = {3C1122B6-B68A-4D85-B9D2-31D654876106}
	EndGlobalSection
EndGlobal
